
Microsoft Visual Studio Solution File, Format Version 12.00
# Visual Studio Version 17
VisualStudioVersion = 17.3.32901.215
MinimumVisualStudioVersion = 10.0.40219.1
Project("{9A19103F-16F7-4668-BE54-9A1E7A4F7556}") = "API", "API\API.csproj", "{4AB7B360-4F18-4AF9-A106-E1AA28848FBD}"
EndProject
Project("{9A19103F-16F7-4668-BE54-9A1E7A4F7556}") = "APP", "APP\APP.csproj", "{7C893C2C-79C5-4F97-86AD-9DA608FBDD66}"
EndProject
Project("{2150E333-8FDC-42A3-9474-1A3956D46DE8}") = "API", "API", "{A14DC044-A699-4843-ACDF-2D403609FC0E}"
EndProject
Project("{2150E333-8FDC-42A3-9474-1A3956D46DE8}") = "APP", "APP", "{8CE046A2-D7E4-4C1F-B7E4-ABD16D2F6DBF}"
EndProject
Project("{9A19103F-16F7-4668-BE54-9A1E7A4F7556}") = "API.Domain", "API.Domain\API.Domain.csproj", "{6228042B-7E75-48F6-BD42-5E4B60ACAABB}"
EndProject
Project("{9A19103F-16F7-4668-BE54-9A1E7A4F7556}") = "API.Infrastructure", "API.Infrastructure\API.Infrastructure.csproj", "{870F55BC-0026-4116-A409-B83EBD8C7C48}"
EndProject
Project("{9A19103F-16F7-4668-BE54-9A1E7A4F7556}") = "API.Persistence", "API.Persistence\API.Persistence.csproj", "{B39973C9-7031-4E5F-8C89-23BC7B93BBDA}"
EndProject
Project("{9A19103F-16F7-4668-BE54-9A1E7A4F7556}") = "API.Service", "API.Service\API.Service.csproj", "{2084935E-9719-4E89-BCFD-EEDED64AF4D5}"
EndProject
Global
	GlobalSection(SolutionConfigurationPlatforms) = preSolution
		Debug|Any CPU = Debug|Any CPU
		Release|Any CPU = Release|Any CPU
	EndGlobalSection
	GlobalSection(ProjectConfigurationPlatforms) = postSolution
		{4AB7B360-4F18-4AF9-A106-E1AA28848FBD}.Debug|Any CPU.ActiveCfg = Debug|Any CPU
		{4AB7B360-4F18-4AF9-A106-E1AA28848FBD}.Debug|Any CPU.Build.0 = Debug|Any CPU
		{4AB7B360-4F18-4AF9-A106-E1AA28848FBD}.Release|Any CPU.ActiveCfg = Release|Any CPU
		{4AB7B360-4F18-4AF9-A106-E1AA28848FBD}.Release|Any CPU.Build.0 = Release|Any CPU
		{7C893C2C-79C5-4F97-86AD-9DA608FBDD66}.Debug|Any CPU.ActiveCfg = Debug|Any CPU
		{7C893C2C-79C5-4F97-86AD-9DA608FBDD66}.Debug|Any CPU.Build.0 = Debug|Any CPU
		{7C893C2C-79C5-4F97-86AD-9DA608FBDD66}.Release|Any CPU.ActiveCfg = Release|Any CPU
		{7C893C2C-79C5-4F97-86AD-9DA608FBDD66}.Release|Any CPU.Build.0 = Release|Any CPU
		{6228042B-7E75-48F6-BD42-5E4B60ACAABB}.Debug|Any CPU.ActiveCfg = Debug|Any CPU
		{6228042B-7E75-48F6-BD42-5E4B60ACAABB}.Debug|Any CPU.Build.0 = Debug|Any CPU
		{6228042B-7E75-48F6-BD42-5E4B60ACAABB}.Release|Any CPU.ActiveCfg = Release|Any CPU
		{6228042B-7E75-48F6-BD42-5E4B60ACAABB}.Release|Any CPU.Build.0 = Release|Any CPU
		{870F55BC-0026-4116-A409-B83EBD8C7C48}.Debug|Any CPU.ActiveCfg = Debug|Any CPU
		{870F55BC-0026-4116-A409-B83EBD8C7C48}.Debug|Any CPU.Build.0 = Debug|Any CPU
		{870F55BC-0026-4116-A409-B83EBD8C7C48}.Release|Any CPU.ActiveCfg = Release|Any CPU
		{870F55BC-0026-4116-A409-B83EBD8C7C48}.Release|Any CPU.Build.0 = Release|Any CPU
		{B39973C9-7031-4E5F-8C89-23BC7B93BBDA}.Debug|Any CPU.ActiveCfg = Debug|Any CPU
		{B39973C9-7031-4E5F-8C89-23BC7B93BBDA}.Debug|Any CPU.Build.0 = Debug|Any CPU
		{B39973C9-7031-4E5F-8C89-23BC7B93BBDA}.Release|Any CPU.ActiveCfg = Release|Any CPU
		{B39973C9-7031-4E5F-8C89-23BC7B93BBDA}.Release|Any CPU.Build.0 = Release|Any CPU
		{2084935E-9719-4E89-BCFD-EEDED64AF4D5}.Debug|Any CPU.ActiveCfg = Debug|Any CPU
		{2084935E-9719-4E89-BCFD-EEDED64AF4D5}.Debug|Any CPU.Build.0 = Debug|Any CPU
		{2084935E-9719-4E89-BCFD-EEDED64AF4D5}.Release|Any CPU.ActiveCfg = Release|Any CPU
		{2084935E-9719-4E89-BCFD-EEDED64AF4D5}.Release|Any CPU.Build.0 = Release|Any CPU
	EndGlobalSection
	GlobalSection(SolutionProperties) = preSolution
		HideSolutionNode = FALSE
	EndGlobalSection
	GlobalSection(NestedProjects) = preSolution
		{4AB7B360-4F18-4AF9-A106-E1AA28848FBD} = {A14DC044-A699-4843-ACDF-2D403609FC0E}
		{7C893C2C-79C5-4F97-86AD-9DA608FBDD66} = {8CE046A2-D7E4-4C1F-B7E4-ABD16D2F6DBF}
		{6228042B-7E75-48F6-BD42-5E4B60ACAABB} = {A14DC044-A699-4843-ACDF-2D403609FC0E}
		{870F55BC-0026-4116-A409-B83EBD8C7C48} = {A14DC044-A699-4843-ACDF-2D403609FC0E}
		{B39973C9-7031-4E5F-8C89-23BC7B93BBDA} = {A14DC044-A699-4843-ACDF-2D403609FC0E}
		{2084935E-9719-4E89-BCFD-EEDED64AF4D5} = {A14DC044-A699-4843-ACDF-2D403609FC0E}
	EndGlobalSection
	GlobalSection(ExtensibilityGlobals) = postSolution
		SolutionGuid = {E584E489-53A7-44F0-8607-23F790A6C712}
	EndGlobalSection
EndGlobal
